{
  "name": "sfccrequirestar_ts_plugin",
  "version": "0.0.1",
  "lockfileVersion": 1,
  "requires": true,
  "dependencies": {
    "@types/node": {
      "version": "10.14.6",
      "resolved": "https://registry.npmjs.org/@types/node/-/node-10.14.6.tgz",
      "integrity": "sha512-Fvm24+u85lGmV4hT5G++aht2C5I4Z4dYlWZIh62FAfFO/TfzXtPpoLI6I7AuBWkIFqZCnhFOoTT7RjjaIL5Fjg==",
      "dev": true
    },
    "typescript": {
      "version": "3.4.5",
      "resolved": "https://registry.npmjs.org/typescript/-/typescript-3.4.5.tgz",
      "integrity": "sha512-YycBxUb49UUhdNMU5aJ7z5Ej2XGmaIBL0x34vZ82fn3hGvD+bgrMrVDpatgz2f7YxUMJxMkbWxJZeAvDxVe7Vw==",
      "dev": true
    }
  }
}
